
Microsoft Visual Studio Solution File, Format Version 12.00
# Visual Studio Version 16
VisualStudioVersion = 16.0.29230.47
MinimumVisualStudioVersion = 10.0.40219.1
Project("{9A19103F-16F7-4668-BE54-9A1E7A4F7556}") = "BotCombat.Core", "BotCombat.Core\BotCombat.Core.csproj", "{3CCD60A3-E413-49B9-A468-6E68DBA2468B}"
EndProject
Project("{9A19103F-16F7-4668-BE54-9A1E7A4F7556}") = "BotCombat.TestApp", "BotCombat.TestApp\BotCombat.TestApp.csproj", "{FEA152CA-7495-4DFB-96C3-A453DFC3076D}"
EndProject
Project("{9A19103F-16F7-4668-BE54-9A1E7A4F7556}") = "BotCombat.Js", "BotCombat.Js\BotCombat.Js.csproj", "{A9ED1B7D-3070-4238-86F2-0C3B71A38488}"
EndProject
Project("{FAE04EC0-301F-11D3-BF4B-00C04F79EFBC}") = "BotCombat.Cs", "BotCombat.Cs\BotCombat.Cs.csproj", "{26757C0F-97B8-48B4-AD2A-D5EA6E25623B}"
EndProject
Project("{FAE04EC0-301F-11D3-BF4B-00C04F79EFBC}") = "BotCombat.Block", "BotCombat.Block\BotCombat.Block.csproj", "{BE8A942F-6F68-44D0-9DB3-A9B5444AC812}"
EndProject
Project("{2150E333-8FDC-42A3-9474-1A3956D46DE8}") = "Bots", "Bots", "{AF5336C9-B9C3-4DC9-B902-D9CA920762AC}"
EndProject
Project("{2150E333-8FDC-42A3-9474-1A3956D46DE8}") = "Core", "Core", "{01A3CF94-46C8-4F0A-AD19-0C7EF4935C69}"
EndProject
Project("{FAE04EC0-301F-11D3-BF4B-00C04F79EFBC}") = "BotCombat.Abstractions", "BotCombat.Abstractions\BotCombat.Abstractions.csproj", "{9A5775B1-02A2-4F4F-83E0-7B7CE900E2E0}"
EndProject
Global
	GlobalSection(SolutionConfigurationPlatforms) = preSolution
		Debug|Any CPU = Debug|Any CPU
		Release|Any CPU = Release|Any CPU
	EndGlobalSection
	GlobalSection(ProjectConfigurationPlatforms) = postSolution
		{3CCD60A3-E413-49B9-A468-6E68DBA2468B}.Debug|Any CPU.ActiveCfg = Debug|Any CPU
		{3CCD60A3-E413-49B9-A468-6E68DBA2468B}.Debug|Any CPU.Build.0 = Debug|Any CPU
		{3CCD60A3-E413-49B9-A468-6E68DBA2468B}.Release|Any CPU.ActiveCfg = Release|Any CPU
		{3CCD60A3-E413-49B9-A468-6E68DBA2468B}.Release|Any CPU.Build.0 = Release|Any CPU
		{FEA152CA-7495-4DFB-96C3-A453DFC3076D}.Debug|Any CPU.ActiveCfg = Debug|Any CPU
		{FEA152CA-7495-4DFB-96C3-A453DFC3076D}.Debug|Any CPU.Build.0 = Debug|Any CPU
		{FEA152CA-7495-4DFB-96C3-A453DFC3076D}.Release|Any CPU.ActiveCfg = Release|Any CPU
		{FEA152CA-7495-4DFB-96C3-A453DFC3076D}.Release|Any CPU.Build.0 = Release|Any CPU
		{A9ED1B7D-3070-4238-86F2-0C3B71A38488}.Debug|Any CPU.ActiveCfg = Debug|Any CPU
		{A9ED1B7D-3070-4238-86F2-0C3B71A38488}.Debug|Any CPU.Build.0 = Debug|Any CPU
		{A9ED1B7D-3070-4238-86F2-0C3B71A38488}.Release|Any CPU.ActiveCfg = Release|Any CPU
		{A9ED1B7D-3070-4238-86F2-0C3B71A38488}.Release|Any CPU.Build.0 = Release|Any CPU
		{26757C0F-97B8-48B4-AD2A-D5EA6E25623B}.Debug|Any CPU.ActiveCfg = Debug|Any CPU
		{26757C0F-97B8-48B4-AD2A-D5EA6E25623B}.Debug|Any CPU.Build.0 = Debug|Any CPU
		{26757C0F-97B8-48B4-AD2A-D5EA6E25623B}.Release|Any CPU.ActiveCfg = Release|Any CPU
		{26757C0F-97B8-48B4-AD2A-D5EA6E25623B}.Release|Any CPU.Build.0 = Release|Any CPU
		{BE8A942F-6F68-44D0-9DB3-A9B5444AC812}.Debug|Any CPU.ActiveCfg = Debug|Any CPU
		{BE8A942F-6F68-44D0-9DB3-A9B5444AC812}.Debug|Any CPU.Build.0 = Debug|Any CPU
		{BE8A942F-6F68-44D0-9DB3-A9B5444AC812}.Release|Any CPU.ActiveCfg = Release|Any CPU
		{BE8A942F-6F68-44D0-9DB3-A9B5444AC812}.Release|Any CPU.Build.0 = Release|Any CPU
		{9A5775B1-02A2-4F4F-83E0-7B7CE900E2E0}.Debug|Any CPU.ActiveCfg = Debug|Any CPU
		{9A5775B1-02A2-4F4F-83E0-7B7CE900E2E0}.Debug|Any CPU.Build.0 = Debug|Any CPU
		{9A5775B1-02A2-4F4F-83E0-7B7CE900E2E0}.Release|Any CPU.ActiveCfg = Release|Any CPU
		{9A5775B1-02A2-4F4F-83E0-7B7CE900E2E0}.Release|Any CPU.Build.0 = Release|Any CPU
	EndGlobalSection
	GlobalSection(SolutionProperties) = preSolution
		HideSolutionNode = FALSE
	EndGlobalSection
	GlobalSection(NestedProjects) = preSolution
		{3CCD60A3-E413-49B9-A468-6E68DBA2468B} = {01A3CF94-46C8-4F0A-AD19-0C7EF4935C69}
		{A9ED1B7D-3070-4238-86F2-0C3B71A38488} = {AF5336C9-B9C3-4DC9-B902-D9CA920762AC}
		{26757C0F-97B8-48B4-AD2A-D5EA6E25623B} = {AF5336C9-B9C3-4DC9-B902-D9CA920762AC}
		{BE8A942F-6F68-44D0-9DB3-A9B5444AC812} = {AF5336C9-B9C3-4DC9-B902-D9CA920762AC}
		{9A5775B1-02A2-4F4F-83E0-7B7CE900E2E0} = {01A3CF94-46C8-4F0A-AD19-0C7EF4935C69}
	EndGlobalSection
	GlobalSection(ExtensibilityGlobals) = postSolution
		SolutionGuid = {50B50415-4DC2-4974-804C-FE77A5937094}
	EndGlobalSection
EndGlobal
