
Microsoft Visual Studio Solution File, Format Version 12.00
# Visual Studio Version 16
VisualStudioVersion = 16.0.29519.87
MinimumVisualStudioVersion = 10.0.40219.1
Project("{9A19103F-16F7-4668-BE54-9A1E7A4F7556}") = "BotCombat.Web", "BotCombat.Web\BotCombat.Web.csproj", "{8C496D58-2E06-4DD7-B46E-FE3372A06B07}"
EndProject
Project("{2150E333-8FDC-42A3-9474-1A3956D46DE8}") = "Core", "Core", "{98B4A41A-239D-493E-95C2-BB06F2DBD8E3}"
EndProject
Project("{2150E333-8FDC-42A3-9474-1A3956D46DE8}") = "Bots", "Bots", "{AC1C70BB-4A25-4E5B-951C-A290B59EEC30}"
EndProject
Project("{2150E333-8FDC-42A3-9474-1A3956D46DE8}") = "UI", "UI", "{191F74B8-7C85-4FE6-8621-E09C553680E4}"
EndProject
Project("{9A19103F-16F7-4668-BE54-9A1E7A4F7556}") = "BotCombat.Core", "BotCombat.Core\BotCombat.Core.csproj", "{C9B722E5-3BBD-4397-AF14-16965E42F2B0}"
EndProject
Project("{9A19103F-16F7-4668-BE54-9A1E7A4F7556}") = "BotCombat.BotUtils", "BotCombat.BotUtils\BotCombat.BotUtils.csproj", "{FA639503-D98B-4459-8CC0-74AFF1352387}"
EndProject
Project("{9A19103F-16F7-4668-BE54-9A1E7A4F7556}") = "BotCombat.BuiltInBots", "BotCombat.BuiltInBots\BotCombat.BuiltInBots.csproj", "{DACC3CA9-74C4-4E54-8E41-A0E974C6F55A}"
EndProject
Project("{9A19103F-16F7-4668-BE54-9A1E7A4F7556}") = "BotCombat.BotWorld", "BotCombat.BotWorld\BotCombat.BotWorld.csproj", "{6FC2EF0A-7451-46F8-8CC2-A21CA502BA4C}"
EndProject
Project("{9A19103F-16F7-4668-BE54-9A1E7A4F7556}") = "BotCombat.JsBots", "BotCombat.JsBots\BotCombat.JsBots.csproj", "{36BA3DCB-135B-4575-B9C4-73A1470501BA}"
EndProject
Project("{2150E333-8FDC-42A3-9474-1A3956D46DE8}") = "Tests", "Tests", "{ECC043EF-FC14-475E-BD8F-150C679FB813}"
EndProject
Project("{9A19103F-16F7-4668-BE54-9A1E7A4F7556}") = "BotCombat.Test", "BotCombat.Test\BotCombat.Test.csproj", "{838E5AB8-6261-46C6-B8BC-B965DAB9D204}"
EndProject
Global
	GlobalSection(SolutionConfigurationPlatforms) = preSolution
		Debug|Any CPU = Debug|Any CPU
		Release|Any CPU = Release|Any CPU
	EndGlobalSection
	GlobalSection(ProjectConfigurationPlatforms) = postSolution
		{8C496D58-2E06-4DD7-B46E-FE3372A06B07}.Debug|Any CPU.ActiveCfg = Debug|Any CPU
		{8C496D58-2E06-4DD7-B46E-FE3372A06B07}.Debug|Any CPU.Build.0 = Debug|Any CPU
		{8C496D58-2E06-4DD7-B46E-FE3372A06B07}.Release|Any CPU.ActiveCfg = Release|Any CPU
		{8C496D58-2E06-4DD7-B46E-FE3372A06B07}.Release|Any CPU.Build.0 = Release|Any CPU
		{C9B722E5-3BBD-4397-AF14-16965E42F2B0}.Debug|Any CPU.ActiveCfg = Debug|Any CPU
		{C9B722E5-3BBD-4397-AF14-16965E42F2B0}.Debug|Any CPU.Build.0 = Debug|Any CPU
		{C9B722E5-3BBD-4397-AF14-16965E42F2B0}.Release|Any CPU.ActiveCfg = Release|Any CPU
		{C9B722E5-3BBD-4397-AF14-16965E42F2B0}.Release|Any CPU.Build.0 = Release|Any CPU
		{FA639503-D98B-4459-8CC0-74AFF1352387}.Debug|Any CPU.ActiveCfg = Debug|Any CPU
		{FA639503-D98B-4459-8CC0-74AFF1352387}.Debug|Any CPU.Build.0 = Debug|Any CPU
		{FA639503-D98B-4459-8CC0-74AFF1352387}.Release|Any CPU.ActiveCfg = Release|Any CPU
		{FA639503-D98B-4459-8CC0-74AFF1352387}.Release|Any CPU.Build.0 = Release|Any CPU
		{DACC3CA9-74C4-4E54-8E41-A0E974C6F55A}.Debug|Any CPU.ActiveCfg = Debug|Any CPU
		{DACC3CA9-74C4-4E54-8E41-A0E974C6F55A}.Debug|Any CPU.Build.0 = Debug|Any CPU
		{DACC3CA9-74C4-4E54-8E41-A0E974C6F55A}.Release|Any CPU.ActiveCfg = Release|Any CPU
		{DACC3CA9-74C4-4E54-8E41-A0E974C6F55A}.Release|Any CPU.Build.0 = Release|Any CPU
		{6FC2EF0A-7451-46F8-8CC2-A21CA502BA4C}.Debug|Any CPU.ActiveCfg = Debug|Any CPU
		{6FC2EF0A-7451-46F8-8CC2-A21CA502BA4C}.Debug|Any CPU.Build.0 = Debug|Any CPU
		{6FC2EF0A-7451-46F8-8CC2-A21CA502BA4C}.Release|Any CPU.ActiveCfg = Release|Any CPU
		{6FC2EF0A-7451-46F8-8CC2-A21CA502BA4C}.Release|Any CPU.Build.0 = Release|Any CPU
		{36BA3DCB-135B-4575-B9C4-73A1470501BA}.Debug|Any CPU.ActiveCfg = Debug|Any CPU
		{36BA3DCB-135B-4575-B9C4-73A1470501BA}.Debug|Any CPU.Build.0 = Debug|Any CPU
		{36BA3DCB-135B-4575-B9C4-73A1470501BA}.Release|Any CPU.ActiveCfg = Release|Any CPU
		{36BA3DCB-135B-4575-B9C4-73A1470501BA}.Release|Any CPU.Build.0 = Release|Any CPU
		{838E5AB8-6261-46C6-B8BC-B965DAB9D204}.Debug|Any CPU.ActiveCfg = Debug|Any CPU
		{838E5AB8-6261-46C6-B8BC-B965DAB9D204}.Debug|Any CPU.Build.0 = Debug|Any CPU
		{838E5AB8-6261-46C6-B8BC-B965DAB9D204}.Release|Any CPU.ActiveCfg = Release|Any CPU
		{838E5AB8-6261-46C6-B8BC-B965DAB9D204}.Release|Any CPU.Build.0 = Release|Any CPU
	EndGlobalSection
	GlobalSection(SolutionProperties) = preSolution
		HideSolutionNode = FALSE
	EndGlobalSection
	GlobalSection(NestedProjects) = preSolution
		{8C496D58-2E06-4DD7-B46E-FE3372A06B07} = {191F74B8-7C85-4FE6-8621-E09C553680E4}
		{C9B722E5-3BBD-4397-AF14-16965E42F2B0} = {98B4A41A-239D-493E-95C2-BB06F2DBD8E3}
		{FA639503-D98B-4459-8CC0-74AFF1352387} = {AC1C70BB-4A25-4E5B-951C-A290B59EEC30}
		{DACC3CA9-74C4-4E54-8E41-A0E974C6F55A} = {AC1C70BB-4A25-4E5B-951C-A290B59EEC30}
		{6FC2EF0A-7451-46F8-8CC2-A21CA502BA4C} = {98B4A41A-239D-493E-95C2-BB06F2DBD8E3}
		{36BA3DCB-135B-4575-B9C4-73A1470501BA} = {AC1C70BB-4A25-4E5B-951C-A290B59EEC30}
		{838E5AB8-6261-46C6-B8BC-B965DAB9D204} = {ECC043EF-FC14-475E-BD8F-150C679FB813}
	EndGlobalSection
	GlobalSection(ExtensibilityGlobals) = postSolution
		SolutionGuid = {4CD40F71-A5F6-4058-BDAD-6313CE35B068}
	EndGlobalSection
EndGlobal
